# This file is automatically @generated by Cargo.
# It is not intended for manual editing.
version = 3

[[package]]
name = "humphrey"
version = "0.5.2"
source = "registry+https://github.com/rust-lang/crates.io-index"
checksum = "e414105192a977ea18d21d09666bdffff655066e8fa74589b0e686dc00ade7c8"

[[package]]
name = "humphrey_json"
version = "0.1.0"
source = "registry+https://github.com/rust-lang/crates.io-index"
checksum = "321273e363e1f6267f3adcf8a6fe832222f8c7483bb1c8f25ee29209ac23198c"

[[package]]
name = "humphrey_ws"
version = "0.3.1"
source = "registry+https://github.com/rust-lang/crates.io-index"
checksum = "ca385cce4dcaefc7411442df7b3fa010b5871db8d10c68006ea01716f625de7c"
dependencies = [
 "humphrey",
]

[[package]]
name = "kascreech"
version = "0.1.0"
dependencies = [
 "humphrey",
 "humphrey_json",
 "humphrey_ws",
]
